
Microsoft Visual Studio Solution File, Format Version 12.00
# Visual Studio 15
VisualStudioVersion = 15.0.28307.779
MinimumVisualStudioVersion = 10.0.40219.1
Project("{FAE04EC0-301F-11D3-BF4B-00C04F79EFBC}") = "CarDemo", "CarDemo\CarDemo.csproj", "{9FB6806B-093C-4F6E-A5CC-699D514FF2B0}"
EndProject
Global
	GlobalSection(SolutionConfigurationPlatforms) = preSolution
		Debug|Any CPU = Debug|Any CPU
		Release|Any CPU = Release|Any CPU
	EndGlobalSection
	GlobalSection(ProjectConfigurationPlatforms) = postSolution
		{9FB6806B-093C-4F6E-A5CC-699D514FF2B0}.Debug|Any CPU.ActiveCfg = Debug|Any CPU
		{9FB6806B-093C-4F6E-A5CC-699D514FF2B0}.Debug|Any CPU.Build.0 = Debug|Any CPU
		{9FB6806B-093C-4F6E-A5CC-699D514FF2B0}.Release|Any CPU.ActiveCfg = Release|Any CPU
		{9FB6806B-093C-4F6E-A5CC-699D514FF2B0}.Release|Any CPU.Build.0 = Release|Any CPU
	EndGlobalSection
	GlobalSection(SolutionProperties) = preSolution
		HideSolutionNode = FALSE
	EndGlobalSection
	GlobalSection(ExtensibilityGlobals) = postSolution
		SolutionGuid = {E6CFE440-2173-4826-9A5C-5E4A17CC310C}
	EndGlobalSection
EndGlobal
